[root]
name = "libgerrit"
version = "0.2.0"
dependencies = [
 "curl 0.4.6 (registry+https://github.com/rust-lang/crates.io-index)",
 "env_logger 0.4.0 (registry+https://github.com/rust-lang/crates.io-index)",
 "git2 0.6.4 (registry+https://github.com/rust-lang/crates.io-index)",
 "log 0.3.6 (registry+https://github.com/rust-lang/crates.io-index)",
 "quick-error 1.1.0 (registry+https://github.com/rust-lang/crates.io-index)",
 "serde 0.8.23 (registry+https://github.com/rust-lang/crates.io-index)",
 "serde_derive 0.8.23 (registry+https://github.com/rust-lang/crates.io-index)",
 "serde_json 0.8.6 (registry+https://github.com/rust-lang/crates.io-index)",
 "url 1.4.0 (registry+https://github.com/rust-lang/crates.io-index)",
]

[[package]]
name = "aho-corasick"
version = "0.6.2"
source = "registry+https://github.com/rust-lang/crates.io-index"
dependencies = [
 "memchr 1.0.1 (registry+https://github.com/rust-lang/crates.io-index)",
]

[[package]]
name = "bitflags"
version = "0.7.0"
source = "registry+https://github.com/rust-lang/crates.io-index"

[[package]]
name = "cmake"
version = "0.1.20"
source = "registry+https://github.com/rust-lang/crates.io-index"
dependencies = [
 "gcc 0.3.43 (registry+https://github.com/rust-lang/crates.io-index)",
]

[[package]]
name = "curl"
version = "0.4.6"
source = "registry+https://github.com/rust-lang/crates.io-index"
dependencies = [
 "curl-sys 0.3.10 (registry+https://github.com/rust-lang/crates.io-index)",
 "libc 0.2.20 (registry+https://github.com/rust-lang/crates.io-index)",
 "openssl-probe 0.1.0 (registry+https://github.com/rust-lang/crates.io-index)",
 "openssl-sys 0.9.7 (registry+https://github.com/rust-lang/crates.io-index)",
 "winapi 0.2.8 (registry+https://github.com/rust-lang/crates.io-index)",
]

[[package]]
name = "curl-sys"
version = "0.3.10"
source = "registry+https://github.com/rust-lang/crates.io-index"
dependencies = [
 "gcc 0.3.43 (registry+https://github.com/rust-lang/crates.io-index)",
 "libc 0.2.20 (registry+https://github.com/rust-lang/crates.io-index)",
 "libz-sys 1.0.13 (registry+https://github.com/rust-lang/crates.io-index)",
 "openssl-sys 0.9.7 (registry+https://github.com/rust-lang/crates.io-index)",
 "pkg-config 0.3.9 (registry+https://github.com/rust-lang/crates.io-index)",
 "winapi 0.2.8 (registry+https://github.com/rust-lang/crates.io-index)",
]

[[package]]
name = "dtoa"
version = "0.2.2"
source = "registry+https://github.com/rust-lang/crates.io-index"

[[package]]
name = "env_logger"
version = "0.4.0"
source = "registry+https://github.com/rust-lang/crates.io-index"
dependencies = [
 "log 0.3.6 (registry+https://github.com/rust-lang/crates.io-index)",
 "regex 0.2.1 (registry+https://github.com/rust-lang/crates.io-index)",
]

[[package]]
name = "gcc"
version = "0.3.43"
source = "registry+https://github.com/rust-lang/crates.io-index"

[[package]]
name = "gdi32-sys"
version = "0.2.0"
source = "registry+https://github.com/rust-lang/crates.io-index"
dependencies = [
 "winapi 0.2.8 (registry+https://github.com/rust-lang/crates.io-index)",
 "winapi-build 0.1.1 (registry+https://github.com/rust-lang/crates.io-index)",
]

[[package]]
name = "git2"
version = "0.6.4"
source = "registry+https://github.com/rust-lang/crates.io-index"
dependencies = [
 "bitflags 0.7.0 (registry+https://github.com/rust-lang/crates.io-index)",
 "libc 0.2.20 (registry+https://github.com/rust-lang/crates.io-index)",
 "libgit2-sys 0.6.7 (registry+https://github.com/rust-lang/crates.io-index)",
 "openssl-probe 0.1.0 (registry+https://github.com/rust-lang/crates.io-index)",
 "openssl-sys 0.9.7 (registry+https://github.com/rust-lang/crates.io-index)",
 "url 1.4.0 (registry+https://github.com/rust-lang/crates.io-index)",
]

[[package]]
name = "idna"
version = "0.1.0"
source = "registry+https://github.com/rust-lang/crates.io-index"
dependencies = [
 "matches 0.1.4 (registry+https://github.com/rust-lang/crates.io-index)",
 "unicode-bidi 0.2.5 (registry+https://github.com/rust-lang/crates.io-index)",
 "unicode-normalization 0.1.4 (registry+https://github.com/rust-lang/crates.io-index)",
]

[[package]]
name = "itoa"
version = "0.1.1"
source = "registry+https://github.com/rust-lang/crates.io-index"

[[package]]
name = "kernel32-sys"
version = "0.2.2"
source = "registry+https://github.com/rust-lang/crates.io-index"
dependencies = [
 "winapi 0.2.8 (registry+https://github.com/rust-lang/crates.io-index)",
 "winapi-build 0.1.1 (registry+https://github.com/rust-lang/crates.io-index)",
]

[[package]]
name = "libc"
version = "0.2.20"
source = "registry+https://github.com/rust-lang/crates.io-index"

[[package]]
name = "libgit2-sys"
version = "0.6.7"
source = "registry+https://github.com/rust-lang/crates.io-index"
dependencies = [
 "cmake 0.1.20 (registry+https://github.com/rust-lang/crates.io-index)",
 "curl-sys 0.3.10 (registry+https://github.com/rust-lang/crates.io-index)",
 "gcc 0.3.43 (registry+https://github.com/rust-lang/crates.io-index)",
 "libc 0.2.20 (registry+https://github.com/rust-lang/crates.io-index)",
 "libssh2-sys 0.2.5 (registry+https://github.com/rust-lang/crates.io-index)",
 "libz-sys 1.0.13 (registry+https://github.com/rust-lang/crates.io-index)",
 "openssl-sys 0.9.7 (registry+https://github.com/rust-lang/crates.io-index)",
 "pkg-config 0.3.9 (registry+https://github.com/rust-lang/crates.io-index)",
]

[[package]]
name = "libssh2-sys"
version = "0.2.5"
source = "registry+https://github.com/rust-lang/crates.io-index"
dependencies = [
 "cmake 0.1.20 (registry+https://github.com/rust-lang/crates.io-index)",
 "libc 0.2.20 (registry+https://github.com/rust-lang/crates.io-index)",
 "libz-sys 1.0.13 (registry+https://github.com/rust-lang/crates.io-index)",
 "openssl-sys 0.9.7 (registry+https://github.com/rust-lang/crates.io-index)",
 "pkg-config 0.3.9 (registry+https://github.com/rust-lang/crates.io-index)",
]

[[package]]
name = "libz-sys"
version = "1.0.13"
source = "registry+https://github.com/rust-lang/crates.io-index"
dependencies = [
 "gcc 0.3.43 (registry+https://github.com/rust-lang/crates.io-index)",
 "libc 0.2.20 (registry+https://github.com/rust-lang/crates.io-index)",
 "pkg-config 0.3.9 (registry+https://github.com/rust-lang/crates.io-index)",
]

[[package]]
name = "log"
version = "0.3.6"
source = "registry+https://github.com/rust-lang/crates.io-index"

[[package]]
name = "matches"
version = "0.1.4"
source = "registry+https://github.com/rust-lang/crates.io-index"

[[package]]
name = "memchr"
version = "1.0.1"
source = "registry+https://github.com/rust-lang/crates.io-index"
dependencies = [
 "libc 0.2.20 (registry+https://github.com/rust-lang/crates.io-index)",
]

[[package]]
name = "num-traits"
version = "0.1.36"
source = "registry+https://github.com/rust-lang/crates.io-index"

[[package]]
name = "openssl-probe"
version = "0.1.0"
source = "registry+https://github.com/rust-lang/crates.io-index"

[[package]]
name = "openssl-sys"
version = "0.9.7"
source = "registry+https://github.com/rust-lang/crates.io-index"
dependencies = [
 "gcc 0.3.43 (registry+https://github.com/rust-lang/crates.io-index)",
 "gdi32-sys 0.2.0 (registry+https://github.com/rust-lang/crates.io-index)",
 "libc 0.2.20 (registry+https://github.com/rust-lang/crates.io-index)",
 "pkg-config 0.3.9 (registry+https://github.com/rust-lang/crates.io-index)",
 "user32-sys 0.2.0 (registry+https://github.com/rust-lang/crates.io-index)",
]

[[package]]
name = "pkg-config"
version = "0.3.9"
source = "registry+https://github.com/rust-lang/crates.io-index"

[[package]]
name = "quick-error"
version = "1.1.0"
source = "registry+https://github.com/rust-lang/crates.io-index"

[[package]]
name = "quote"
version = "0.3.13"
source = "registry+https://github.com/rust-lang/crates.io-index"

[[package]]
name = "regex"
version = "0.2.1"
source = "registry+https://github.com/rust-lang/crates.io-index"
dependencies = [
 "aho-corasick 0.6.2 (registry+https://github.com/rust-lang/crates.io-index)",
 "memchr 1.0.1 (registry+https://github.com/rust-lang/crates.io-index)",
 "regex-syntax 0.4.0 (registry+https://github.com/rust-lang/crates.io-index)",
 "thread_local 0.3.3 (registry+https://github.com/rust-lang/crates.io-index)",
 "utf8-ranges 1.0.0 (registry+https://github.com/rust-lang/crates.io-index)",
]

[[package]]
name = "regex-syntax"
version = "0.4.0"
source = "registry+https://github.com/rust-lang/crates.io-index"

[[package]]
name = "serde"
version = "0.8.23"
source = "registry+https://github.com/rust-lang/crates.io-index"

[[package]]
name = "serde_codegen"
version = "0.8.23"
source = "registry+https://github.com/rust-lang/crates.io-index"
dependencies = [
 "quote 0.3.13 (registry+https://github.com/rust-lang/crates.io-index)",
 "serde_codegen_internals 0.11.3 (registry+https://github.com/rust-lang/crates.io-index)",
 "syn 0.10.8 (registry+https://github.com/rust-lang/crates.io-index)",
]

[[package]]
name = "serde_codegen_internals"
version = "0.11.3"
source = "registry+https://github.com/rust-lang/crates.io-index"
dependencies = [
 "syn 0.10.8 (registry+https://github.com/rust-lang/crates.io-index)",
]

[[package]]
name = "serde_derive"
version = "0.8.23"
source = "registry+https://github.com/rust-lang/crates.io-index"
dependencies = [
 "serde_codegen 0.8.23 (registry+https://github.com/rust-lang/crates.io-index)",
]

[[package]]
name = "serde_json"
version = "0.8.6"
source = "registry+https://github.com/rust-lang/crates.io-index"
dependencies = [
 "dtoa 0.2.2 (registry+https://github.com/rust-lang/crates.io-index)",
 "itoa 0.1.1 (registry+https://github.com/rust-lang/crates.io-index)",
 "num-traits 0.1.36 (registry+https://github.com/rust-lang/crates.io-index)",
 "serde 0.8.23 (registry+https://github.com/rust-lang/crates.io-index)",
]

[[package]]
name = "syn"
version = "0.10.8"
source = "registry+https://github.com/rust-lang/crates.io-index"
dependencies = [
 "quote 0.3.13 (registry+https://github.com/rust-lang/crates.io-index)",
 "unicode-xid 0.0.4 (registry+https://github.com/rust-lang/crates.io-index)",
]

[[package]]
name = "thread-id"
version = "3.0.0"
source = "registry+https://github.com/rust-lang/crates.io-index"
dependencies = [
 "kernel32-sys 0.2.2 (registry+https://github.com/rust-lang/crates.io-index)",
 "libc 0.2.20 (registry+https://github.com/rust-lang/crates.io-index)",
]

[[package]]
name = "thread_local"
version = "0.3.3"
source = "registry+https://github.com/rust-lang/crates.io-index"
dependencies = [
 "thread-id 3.0.0 (registry+https://github.com/rust-lang/crates.io-index)",
 "unreachable 0.1.1 (registry+https://github.com/rust-lang/crates.io-index)",
]

[[package]]
name = "unicode-bidi"
version = "0.2.5"
source = "registry+https://github.com/rust-lang/crates.io-index"
dependencies = [
 "matches 0.1.4 (registry+https://github.com/rust-lang/crates.io-index)",
]

[[package]]
name = "unicode-normalization"
version = "0.1.4"
source = "registry+https://github.com/rust-lang/crates.io-index"

[[package]]
name = "unicode-xid"
version = "0.0.4"
source = "registry+https://github.com/rust-lang/crates.io-index"

[[package]]
name = "unreachable"
version = "0.1.1"
source = "registry+https://github.com/rust-lang/crates.io-index"
dependencies = [
 "void 1.0.2 (registry+https://github.com/rust-lang/crates.io-index)",
]

[[package]]
name = "url"
version = "1.4.0"
source = "registry+https://github.com/rust-lang/crates.io-index"
dependencies = [
 "idna 0.1.0 (registry+https://github.com/rust-lang/crates.io-index)",
 "matches 0.1.4 (registry+https://github.com/rust-lang/crates.io-index)",
]

[[package]]
name = "user32-sys"
version = "0.2.0"
source = "registry+https://github.com/rust-lang/crates.io-index"
dependencies = [
 "winapi 0.2.8 (registry+https://github.com/rust-lang/crates.io-index)",
 "winapi-build 0.1.1 (registry+https://github.com/rust-lang/crates.io-index)",
]

[[package]]
name = "utf8-ranges"
version = "1.0.0"
source = "registry+https://github.com/rust-lang/crates.io-index"

[[package]]
name = "void"
version = "1.0.2"
source = "registry+https://github.com/rust-lang/crates.io-index"

[[package]]
name = "winapi"
version = "0.2.8"
source = "registry+https://github.com/rust-lang/crates.io-index"

[[package]]
name = "winapi-build"
version = "0.1.1"
source = "registry+https://github.com/rust-lang/crates.io-index"

[metadata]
"checksum aho-corasick 0.6.2 (registry+https://github.com/rust-lang/crates.io-index)" = "0638fd549427caa90c499814196d1b9e3725eb4d15d7339d6de073a680ed0ca2"
"checksum bitflags 0.7.0 (registry+https://github.com/rust-lang/crates.io-index)" = "aad18937a628ec6abcd26d1489012cc0e18c21798210f491af69ded9b881106d"
"checksum cmake 0.1.20 (registry+https://github.com/rust-lang/crates.io-index)" = "a3a6805df695087e7c1bcd9a82e03ad6fb864c8e67ac41b1348229ce5b7f0407"
"checksum curl 0.4.6 (registry+https://github.com/rust-lang/crates.io-index)" = "c90e1240ef340dd4027ade439e5c7c2064dd9dc652682117bd50d1486a3add7b"
"checksum curl-sys 0.3.10 (registry+https://github.com/rust-lang/crates.io-index)" = "c0d909dc402ae80b6f7b0118c039203436061b9d9a3ca5d2c2546d93e0a61aaa"
"checksum dtoa 0.2.2 (registry+https://github.com/rust-lang/crates.io-index)" = "0dd841b58510c9618291ffa448da2e4e0f699d984d436122372f446dae62263d"
"checksum env_logger 0.4.0 (registry+https://github.com/rust-lang/crates.io-index)" = "99971fb1b635fe7a0ee3c4d065845bb93cca80a23b5613b5613391ece5de4144"
"checksum gcc 0.3.43 (registry+https://github.com/rust-lang/crates.io-index)" = "c07c758b972368e703a562686adb39125707cc1ef3399da8c019fc6c2498a75d"
"checksum gdi32-sys 0.2.0 (registry+https://github.com/rust-lang/crates.io-index)" = "0912515a8ff24ba900422ecda800b52f4016a56251922d397c576bf92c690518"
"checksum git2 0.6.4 (registry+https://github.com/rust-lang/crates.io-index)" = "046ae03385257040b2a35e56d9669d950dd911ba2bf48202fbef73ee6aab27b2"
"checksum idna 0.1.0 (registry+https://github.com/rust-lang/crates.io-index)" = "1053236e00ce4f668aeca4a769a09b3bf5a682d802abd6f3cb39374f6b162c11"
"checksum itoa 0.1.1 (registry+https://github.com/rust-lang/crates.io-index)" = "ae3088ea4baeceb0284ee9eea42f591226e6beaecf65373e41b38d95a1b8e7a1"
"checksum kernel32-sys 0.2.2 (registry+https://github.com/rust-lang/crates.io-index)" = "7507624b29483431c0ba2d82aece8ca6cdba9382bff4ddd0f7490560c056098d"
"checksum libc 0.2.20 (registry+https://github.com/rust-lang/crates.io-index)" = "684f330624d8c3784fb9558ca46c4ce488073a8d22450415c5eb4f4cfb0d11b5"
"checksum libgit2-sys 0.6.7 (registry+https://github.com/rust-lang/crates.io-index)" = "d951fd5eccae07c74e8c2c1075b05ea1e43be7f8952245af8c2840d1480b1d95"
"checksum libssh2-sys 0.2.5 (registry+https://github.com/rust-lang/crates.io-index)" = "91e135645c2e198a39552c8c7686bb5b83b1b99f64831c040a6c2798a1195934"
"checksum libz-sys 1.0.13 (registry+https://github.com/rust-lang/crates.io-index)" = "e5ee912a45d686d393d5ac87fac15ba0ba18daae14e8e7543c63ebf7fb7e970c"
"checksum log 0.3.6 (registry+https://github.com/rust-lang/crates.io-index)" = "ab83497bf8bf4ed2a74259c1c802351fcd67a65baa86394b6ba73c36f4838054"
"checksum matches 0.1.4 (registry+https://github.com/rust-lang/crates.io-index)" = "efd7622e3022e1a6eaa602c4cea8912254e5582c9c692e9167714182244801b1"
"checksum memchr 1.0.1 (registry+https://github.com/rust-lang/crates.io-index)" = "1dbccc0e46f1ea47b9f17e6d67c5a96bd27030519c519c9c91327e31275a47b4"
"checksum num-traits 0.1.36 (registry+https://github.com/rust-lang/crates.io-index)" = "a16a42856a256b39c6d3484f097f6713e14feacd9bfb02290917904fae46c81c"
"checksum openssl-probe 0.1.0 (registry+https://github.com/rust-lang/crates.io-index)" = "756d49c8424483a3df3b5d735112b4da22109ced9a8294f1f5cdf80fb3810919"
"checksum openssl-sys 0.9.7 (registry+https://github.com/rust-lang/crates.io-index)" = "5dd48381e9e8a6dce9c4c402db143b2e243f5f872354532f7a009c289b3998ca"
"checksum pkg-config 0.3.9 (registry+https://github.com/rust-lang/crates.io-index)" = "3a8b4c6b8165cd1a1cd4b9b120978131389f64bdaf456435caa41e630edba903"
"checksum quick-error 1.1.0 (registry+https://github.com/rust-lang/crates.io-index)" = "0aad603e8d7fb67da22dbdf1f4b826ce8829e406124109e73cf1b2454b93a71c"
"checksum quote 0.3.13 (registry+https://github.com/rust-lang/crates.io-index)" = "08de3f12e670f83f61e450443cbae34496a35b665691fd8e99b24ec662f75865"
"checksum regex 0.2.1 (registry+https://github.com/rust-lang/crates.io-index)" = "4278c17d0f6d62dfef0ab00028feb45bd7d2102843f80763474eeb1be8a10c01"
"checksum regex-syntax 0.4.0 (registry+https://github.com/rust-lang/crates.io-index)" = "2f9191b1f57603095f105d317e375d19b1c9c5c3185ea9633a99a6dcbed04457"
"checksum serde 0.8.23 (registry+https://github.com/rust-lang/crates.io-index)" = "9dad3f759919b92c3068c696c15c3d17238234498bbdcc80f2c469606f948ac8"
"checksum serde_codegen 0.8.23 (registry+https://github.com/rust-lang/crates.io-index)" = "a4c5d8a33087d8984f9535daa62a6498a08f6476050b00ab9339dd847e4c25cc"
"checksum serde_codegen_internals 0.11.3 (registry+https://github.com/rust-lang/crates.io-index)" = "afad7924a009f859f380e4a2e3a509a845c2ac66435fcead74a4d983b21ae806"
"checksum serde_derive 0.8.23 (registry+https://github.com/rust-lang/crates.io-index)" = "ce44e5f4264b39e9d29c875357b7cc3ebdfb967bb9e22bfb5e44ffa400af5306"
"checksum serde_json 0.8.6 (registry+https://github.com/rust-lang/crates.io-index)" = "67f7d2e9edc3523a9c8ec8cd6ec481b3a27810aafee3e625d311febd3e656b4c"
"checksum syn 0.10.8 (registry+https://github.com/rust-lang/crates.io-index)" = "58fd09df59565db3399efbba34ba8a2fec1307511ebd245d0061ff9d42691673"
"checksum thread-id 3.0.0 (registry+https://github.com/rust-lang/crates.io-index)" = "4437c97558c70d129e40629a5b385b3fb1ffac301e63941335e4d354081ec14a"
"checksum thread_local 0.3.3 (registry+https://github.com/rust-lang/crates.io-index)" = "c85048c6260d17cf486ceae3282d9fb6b90be220bf5b28c400f5485ffc29f0c7"
"checksum unicode-bidi 0.2.5 (registry+https://github.com/rust-lang/crates.io-index)" = "d3a078ebdd62c0e71a709c3d53d2af693fe09fe93fbff8344aebe289b78f9032"
"checksum unicode-normalization 0.1.4 (registry+https://github.com/rust-lang/crates.io-index)" = "e28fa37426fceeb5cf8f41ee273faa7c82c47dc8fba5853402841e665fcd86ff"
"checksum unicode-xid 0.0.4 (registry+https://github.com/rust-lang/crates.io-index)" = "8c1f860d7d29cf02cb2f3f359fd35991af3d30bac52c57d265a3c461074cb4dc"
"checksum unreachable 0.1.1 (registry+https://github.com/rust-lang/crates.io-index)" = "1f2ae5ddb18e1c92664717616dd9549dde73f539f01bd7b77c2edb2446bdff91"
"checksum url 1.4.0 (registry+https://github.com/rust-lang/crates.io-index)" = "f5ba8a749fb4479b043733416c244fa9d1d3af3d7c23804944651c8a448cb87e"
"checksum user32-sys 0.2.0 (registry+https://github.com/rust-lang/crates.io-index)" = "4ef4711d107b21b410a3a974b1204d9accc8b10dad75d8324b5d755de1617d47"
"checksum utf8-ranges 1.0.0 (registry+https://github.com/rust-lang/crates.io-index)" = "662fab6525a98beff2921d7f61a39e7d59e0b425ebc7d0d9e66d316e55124122"
"checksum void 1.0.2 (registry+https://github.com/rust-lang/crates.io-index)" = "6a02e4885ed3bc0f2de90ea6dd45ebcbb66dacffe03547fadbb0eeae2770887d"
"checksum winapi 0.2.8 (registry+https://github.com/rust-lang/crates.io-index)" = "167dc9d6949a9b857f3451275e911c3f44255842c1f7a76f33c55103a909087a"
"checksum winapi-build 0.1.1 (registry+https://github.com/rust-lang/crates.io-index)" = "2d315eee3b34aca4797b2da6b13ed88266e6d612562a0c46390af8299fc699bc"
